
Microsoft Visual Studio Solution File, Format Version 12.00
# Visual Studio 2012
Project("{2150E333-8FDC-42A3-9474-1A3956D46DE8}") = ".nuget", ".nuget", "{67180186-EBF0-4623-96A1-B9908F9BA5F7}"
	ProjectSection(SolutionItems) = preProject
		.nuget\NuGet.Config = .nuget\NuGet.Config
		.nuget\NuGet.exe = .nuget\NuGet.exe
		.nuget\NuGet.targets = .nuget\NuGet.targets
	EndProjectSection
EndProject
Project("{2150E333-8FDC-42A3-9474-1A3956D46DE8}") = "Solution Items", "Solution Items", "{984D6740-6BE1-4033-81D4-B292224C7A75}"
	ProjectSection(SolutionItems) = preProject
		db-create.bat = db-create.bat
		db-create.sql = db-create.sql
		db-update.bat = db-update.bat
		db-update.sql = db-update.sql
		deploy.bat = deploy.bat
		deploy.proj = deploy.proj
	EndProjectSection
EndProject
Project("{FAE04EC0-301F-11D3-BF4B-00C04F79EFBC}") = "Momo.UI", "Momo.UI\Momo.UI.csproj", "{15E35EC8-5930-4B42-8F25-9DBE9688F3AE}"
EndProject
Project("{FAE04EC0-301F-11D3-BF4B-00C04F79EFBC}") = "Momo", "Momo\Momo.csproj", "{0E3FABEF-9E9A-41CE-98F1-57674C36C0E6}"
EndProject
Project("{2150E333-8FDC-42A3-9474-1A3956D46DE8}") = ".build", ".build", "{138BDDD2-825A-4019-AC57-5EF5C6C33FAA}"
	ProjectSection(SolutionItems) = preProject
		Build.proj = Build.proj
		.build\MSBuild.Community.Tasks.dll = .build\MSBuild.Community.Tasks.dll
		.build\MSBuild.Community.Tasks.targets = .build\MSBuild.Community.Tasks.targets
	EndProjectSection
EndProject
Global
	GlobalSection(SolutionConfigurationPlatforms) = preSolution
		Debug|Any CPU = Debug|Any CPU
		Release|Any CPU = Release|Any CPU
	EndGlobalSection
	GlobalSection(ProjectConfigurationPlatforms) = postSolution
		{15E35EC8-5930-4B42-8F25-9DBE9688F3AE}.Debug|Any CPU.ActiveCfg = Debug|Any CPU
		{15E35EC8-5930-4B42-8F25-9DBE9688F3AE}.Debug|Any CPU.Build.0 = Debug|Any CPU
		{15E35EC8-5930-4B42-8F25-9DBE9688F3AE}.Release|Any CPU.ActiveCfg = Release|Any CPU
		{15E35EC8-5930-4B42-8F25-9DBE9688F3AE}.Release|Any CPU.Build.0 = Release|Any CPU
		{0E3FABEF-9E9A-41CE-98F1-57674C36C0E6}.Debug|Any CPU.ActiveCfg = Debug|Any CPU
		{0E3FABEF-9E9A-41CE-98F1-57674C36C0E6}.Debug|Any CPU.Build.0 = Debug|Any CPU
		{0E3FABEF-9E9A-41CE-98F1-57674C36C0E6}.Release|Any CPU.ActiveCfg = Release|Any CPU
		{0E3FABEF-9E9A-41CE-98F1-57674C36C0E6}.Release|Any CPU.Build.0 = Release|Any CPU
	EndGlobalSection
	GlobalSection(SolutionProperties) = preSolution
		HideSolutionNode = FALSE
	EndGlobalSection
EndGlobal
